
Microsoft Visual Studio Solution File, Format Version 12.00
# Visual Studio Version 17
VisualStudioVersion = 17.0.31903.59
MinimumVisualStudioVersion = 10.0.40219.1
Project("{2150E333-8FDC-42A3-9474-1A3956D46DE8}") = "src", "src", "{827E0CD3-B72D-47B6-A68D-7590B98EB39B}"
EndProject
Project("{FAE04EC0-301F-11D3-BF4B-00C04F79EFBC}") = "Museek", "src\Museek\Museek.csproj", "{0087663D-23F8-4A39-BD16-B2FDE3BB0E04}"
EndProject
Project("{FAE04EC0-301F-11D3-BF4B-00C04F79EFBC}") = "Museek.Core", "src\Museek.Core\Museek.Core.csproj", "{7E88D7D4-98A8-4F39-8747-49203C4C528E}"
EndProject
Project("{2150E333-8FDC-42A3-9474-1A3956D46DE8}") = "tests", "tests", "{0AB3BF05-4346-4AA6-1389-037BE0695223}"
EndProject
Project("{FAE04EC0-301F-11D3-BF4B-00C04F79EFBC}") = "CoreChecks", "tests\CoreChecks\CoreChecks.csproj", "{8E40689D-AC08-414C-BC4E-1A587B60386F}"
EndProject
Project("{FAE04EC0-301F-11D3-BF4B-00C04F79EFBC}") = "ExportChecks", "tests\ExportChecks\ExportChecks.csproj", "{EA40B2CA-8AED-4853-9BA9-9E0717F752D9}"
EndProject
Project("{FAE04EC0-301F-11D3-BF4B-00C04F79EFBC}") = "UiChecks", "tests\UiChecks\UiChecks.csproj", "{7F9CE7E9-B1A1-4B48-8F2F-8B0886ED3E3A}"
EndProject
Project("{FAE04EC0-301F-11D3-BF4B-00C04F79EFBC}") = "ArtworkChecks", "tests\ArtworkChecks\ArtworkChecks.csproj", "{84D870A8-B9F5-441E-B917-E35265BEBE91}"
EndProject
Project("{FAE04EC0-301F-11D3-BF4B-00C04F79EFBC}") = "InstanceChecks", "tests\InstanceChecks\InstanceChecks.csproj", "{427EC4BF-65C0-4222-9517-DC3120AE9078}"
EndProject
Project("{FAE04EC0-301F-11D3-BF4B-00C04F79EFBC}") = "TagChecks", "tests\TagChecks\TagChecks.csproj", "{1F520A48-11F8-42BE-946E-3662F133E7C7}"
EndProject
Project("{FAE04EC0-301F-11D3-BF4B-00C04F79EFBC}") = "RegistrationChecks", "tests\RegistrationChecks\RegistrationChecks.csproj", "{898BDEE5-65B2-464E-9F36-7DCBCDA37495}"
EndProject
Project("{FAE04EC0-301F-11D3-BF4B-00C04F79EFBC}") = "InstallerFixture", "tests\InstallerFixture\InstallerFixture.csproj", "{DFD30393-E0AB-40F1-B289-8B17F6B40724}"
EndProject
Project("{FAE04EC0-301F-11D3-BF4B-00C04F79EFBC}") = "PerformanceChecks", "tests\PerformanceChecks\PerformanceChecks.csproj", "{2843C641-05FA-46DB-9370-E730EAA242E5}"
EndProject
Project("{FAE04EC0-301F-11D3-BF4B-00C04F79EFBC}") = "TrackChecks", "tests\TrackChecks\TrackChecks.csproj", "{9F8A5DC0-357D-42D3-BD9B-B96ACB9F2332}"
EndProject
Project("{FAE04EC0-301F-11D3-BF4B-00C04F79EFBC}") = "StartupChecks", "tests\StartupChecks\StartupChecks.csproj", "{F80D254E-642D-43B0-9C7F-EACF4EE9DD0B}"
EndProject
Global
	GlobalSection(SolutionConfigurationPlatforms) = preSolution
		Debug|Any CPU = Debug|Any CPU
		Debug|x64 = Debug|x64
		Debug|x86 = Debug|x86
		Release|Any CPU = Release|Any CPU
		Release|x64 = Release|x64
		Release|x86 = Release|x86
	EndGlobalSection
	GlobalSection(ProjectConfigurationPlatforms) = postSolution
		{0087663D-23F8-4A39-BD16-B2FDE3BB0E04}.Debug|Any CPU.ActiveCfg = Debug|Any CPU
		{0087663D-23F8-4A39-BD16-B2FDE3BB0E04}.Debug|Any CPU.Build.0 = Debug|Any CPU
		{0087663D-23F8-4A39-BD16-B2FDE3BB0E04}.Debug|x64.ActiveCfg = Debug|Any CPU
		{0087663D-23F8-4A39-BD16-B2FDE3BB0E04}.Debug|x64.Build.0 = Debug|Any CPU
		{0087663D-23F8-4A39-BD16-B2FDE3BB0E04}.Debug|x86.ActiveCfg = Debug|Any CPU
		{0087663D-23F8-4A39-BD16-B2FDE3BB0E04}.Debug|x86.Build.0 = Debug|Any CPU
		{0087663D-23F8-4A39-BD16-B2FDE3BB0E04}.Release|Any CPU.ActiveCfg = Release|Any CPU
		{0087663D-23F8-4A39-BD16-B2FDE3BB0E04}.Release|Any CPU.Build.0 = Release|Any CPU
		{0087663D-23F8-4A39-BD16-B2FDE3BB0E04}.Release|x64.ActiveCfg = Release|Any CPU
		{0087663D-23F8-4A39-BD16-B2FDE3BB0E04}.Release|x64.Build.0 = Release|Any CPU
		{0087663D-23F8-4A39-BD16-B2FDE3BB0E04}.Release|x86.ActiveCfg = Release|Any CPU
		{0087663D-23F8-4A39-BD16-B2FDE3BB0E04}.Release|x86.Build.0 = Release|Any CPU
		{7E88D7D4-98A8-4F39-8747-49203C4C528E}.Debug|Any CPU.ActiveCfg = Debug|Any CPU
		{7E88D7D4-98A8-4F39-8747-49203C4C528E}.Debug|Any CPU.Build.0 = Debug|Any CPU
		{7E88D7D4-98A8-4F39-8747-49203C4C528E}.Debug|x64.ActiveCfg = Debug|Any CPU
		{7E88D7D4-98A8-4F39-8747-49203C4C528E}.Debug|x64.Build.0 = Debug|Any CPU
		{7E88D7D4-98A8-4F39-8747-49203C4C528E}.Debug|x86.ActiveCfg = Debug|Any CPU
		{7E88D7D4-98A8-4F39-8747-49203C4C528E}.Debug|x86.Build.0 = Debug|Any CPU
		{7E88D7D4-98A8-4F39-8747-49203C4C528E}.Release|Any CPU.ActiveCfg = Release|Any CPU
		{7E88D7D4-98A8-4F39-8747-49203C4C528E}.Release|Any CPU.Build.0 = Release|Any CPU
		{7E88D7D4-98A8-4F39-8747-49203C4C528E}.Release|x64.ActiveCfg = Release|Any CPU
		{7E88D7D4-98A8-4F39-8747-49203C4C528E}.Release|x64.Build.0 = Release|Any CPU
		{7E88D7D4-98A8-4F39-8747-49203C4C528E}.Release|x86.ActiveCfg = Release|Any CPU
		{7E88D7D4-98A8-4F39-8747-49203C4C528E}.Release|x86.Build.0 = Release|Any CPU
		{8E40689D-AC08-414C-BC4E-1A587B60386F}.Debug|Any CPU.ActiveCfg = Debug|Any CPU
		{8E40689D-AC08-414C-BC4E-1A587B60386F}.Debug|Any CPU.Build.0 = Debug|Any CPU
		{8E40689D-AC08-414C-BC4E-1A587B60386F}.Debug|x64.ActiveCfg = Debug|Any CPU
		{8E40689D-AC08-414C-BC4E-1A587B60386F}.Debug|x64.Build.0 = Debug|Any CPU
		{8E40689D-AC08-414C-BC4E-1A587B60386F}.Debug|x86.ActiveCfg = Debug|Any CPU
		{8E40689D-AC08-414C-BC4E-1A587B60386F}.Debug|x86.Build.0 = Debug|Any CPU
		{8E40689D-AC08-414C-BC4E-1A587B60386F}.Release|Any CPU.ActiveCfg = Release|Any CPU
		{8E40689D-AC08-414C-BC4E-1A587B60386F}.Release|Any CPU.Build.0 = Release|Any CPU
		{8E40689D-AC08-414C-BC4E-1A587B60386F}.Release|x64.ActiveCfg = Release|Any CPU
		{8E40689D-AC08-414C-BC4E-1A587B60386F}.Release|x64.Build.0 = Release|Any CPU
		{8E40689D-AC08-414C-BC4E-1A587B60386F}.Release|x86.ActiveCfg = Release|Any CPU
		{8E40689D-AC08-414C-BC4E-1A587B60386F}.Release|x86.Build.0 = Release|Any CPU
		{EA40B2CA-8AED-4853-9BA9-9E0717F752D9}.Debug|Any CPU.ActiveCfg = Debug|Any CPU
		{EA40B2CA-8AED-4853-9BA9-9E0717F752D9}.Debug|Any CPU.Build.0 = Debug|Any CPU
		{EA40B2CA-8AED-4853-9BA9-9E0717F752D9}.Debug|x64.ActiveCfg = Debug|Any CPU
		{EA40B2CA-8AED-4853-9BA9-9E0717F752D9}.Debug|x64.Build.0 = Debug|Any CPU
		{EA40B2CA-8AED-4853-9BA9-9E0717F752D9}.Debug|x86.ActiveCfg = Debug|Any CPU
		{EA40B2CA-8AED-4853-9BA9-9E0717F752D9}.Debug|x86.Build.0 = Debug|Any CPU
		{EA40B2CA-8AED-4853-9BA9-9E0717F752D9}.Release|Any CPU.ActiveCfg = Release|Any CPU
		{EA40B2CA-8AED-4853-9BA9-9E0717F752D9}.Release|Any CPU.Build.0 = Release|Any CPU
		{EA40B2CA-8AED-4853-9BA9-9E0717F752D9}.Release|x64.ActiveCfg = Release|Any CPU
		{EA40B2CA-8AED-4853-9BA9-9E0717F752D9}.Release|x64.Build.0 = Release|Any CPU
		{EA40B2CA-8AED-4853-9BA9-9E0717F752D9}.Release|x86.ActiveCfg = Release|Any CPU
		{EA40B2CA-8AED-4853-9BA9-9E0717F752D9}.Release|x86.Build.0 = Release|Any CPU
		{7F9CE7E9-B1A1-4B48-8F2F-8B0886ED3E3A}.Debug|Any CPU.ActiveCfg = Debug|Any CPU
		{7F9CE7E9-B1A1-4B48-8F2F-8B0886ED3E3A}.Debug|Any CPU.Build.0 = Debug|Any CPU
		{7F9CE7E9-B1A1-4B48-8F2F-8B0886ED3E3A}.Debug|x64.ActiveCfg = Debug|Any CPU
		{7F9CE7E9-B1A1-4B48-8F2F-8B0886ED3E3A}.Debug|x64.Build.0 = Debug|Any CPU
		{7F9CE7E9-B1A1-4B48-8F2F-8B0886ED3E3A}.Debug|x86.ActiveCfg = Debug|Any CPU
		{7F9CE7E9-B1A1-4B48-8F2F-8B0886ED3E3A}.Debug|x86.Build.0 = Debug|Any CPU
		{7F9CE7E9-B1A1-4B48-8F2F-8B0886ED3E3A}.Release|Any CPU.ActiveCfg = Release|Any CPU
		{7F9CE7E9-B1A1-4B48-8F2F-8B0886ED3E3A}.Release|Any CPU.Build.0 = Release|Any CPU
		{7F9CE7E9-B1A1-4B48-8F2F-8B0886ED3E3A}.Release|x64.ActiveCfg = Release|Any CPU
		{7F9CE7E9-B1A1-4B48-8F2F-8B0886ED3E3A}.Release|x64.Build.0 = Release|Any CPU
		{7F9CE7E9-B1A1-4B48-8F2F-8B0886ED3E3A}.Release|x86.ActiveCfg = Release|Any CPU
		{7F9CE7E9-B1A1-4B48-8F2F-8B0886ED3E3A}.Release|x86.Build.0 = Release|Any CPU
		{84D870A8-B9F5-441E-B917-E35265BEBE91}.Debug|Any CPU.ActiveCfg = Debug|Any CPU
		{84D870A8-B9F5-441E-B917-E35265BEBE91}.Debug|Any CPU.Build.0 = Debug|Any CPU
		{84D870A8-B9F5-441E-B917-E35265BEBE91}.Debug|x64.ActiveCfg = Debug|Any CPU
		{84D870A8-B9F5-441E-B917-E35265BEBE91}.Debug|x64.Build.0 = Debug|Any CPU
		{84D870A8-B9F5-441E-B917-E35265BEBE91}.Debug|x86.ActiveCfg = Debug|Any CPU
		{84D870A8-B9F5-441E-B917-E35265BEBE91}.Debug|x86.Build.0 = Debug|Any CPU
		{84D870A8-B9F5-441E-B917-E35265BEBE91}.Release|Any CPU.ActiveCfg = Release|Any CPU
		{84D870A8-B9F5-441E-B917-E35265BEBE91}.Release|Any CPU.Build.0 = Release|Any CPU
		{84D870A8-B9F5-441E-B917-E35265BEBE91}.Release|x64.ActiveCfg = Release|Any CPU
		{84D870A8-B9F5-441E-B917-E35265BEBE91}.Release|x64.Build.0 = Release|Any CPU
		{84D870A8-B9F5-441E-B917-E35265BEBE91}.Release|x86.ActiveCfg = Release|Any CPU
		{84D870A8-B9F5-441E-B917-E35265BEBE91}.Release|x86.Build.0 = Release|Any CPU
		{427EC4BF-65C0-4222-9517-DC3120AE9078}.Debug|Any CPU.ActiveCfg = Debug|Any CPU
		{427EC4BF-65C0-4222-9517-DC3120AE9078}.Debug|Any CPU.Build.0 = Debug|Any CPU
		{427EC4BF-65C0-4222-9517-DC3120AE9078}.Debug|x64.ActiveCfg = Debug|Any CPU
		{427EC4BF-65C0-4222-9517-DC3120AE9078}.Debug|x64.Build.0 = Debug|Any CPU
		{427EC4BF-65C0-4222-9517-DC3120AE9078}.Debug|x86.ActiveCfg = Debug|Any CPU
		{427EC4BF-65C0-4222-9517-DC3120AE9078}.Debug|x86.Build.0 = Debug|Any CPU
		{427EC4BF-65C0-4222-9517-DC3120AE9078}.Release|Any CPU.ActiveCfg = Release|Any CPU
		{427EC4BF-65C0-4222-9517-DC3120AE9078}.Release|Any CPU.Build.0 = Release|Any CPU
		{427EC4BF-65C0-4222-9517-DC3120AE9078}.Release|x64.ActiveCfg = Release|Any CPU
		{427EC4BF-65C0-4222-9517-DC3120AE9078}.Release|x64.Build.0 = Release|Any CPU
		{427EC4BF-65C0-4222-9517-DC3120AE9078}.Release|x86.ActiveCfg = Release|Any CPU
		{427EC4BF-65C0-4222-9517-DC3120AE9078}.Release|x86.Build.0 = Release|Any CPU
		{1F520A48-11F8-42BE-946E-3662F133E7C7}.Debug|Any CPU.ActiveCfg = Debug|Any CPU
		{1F520A48-11F8-42BE-946E-3662F133E7C7}.Debug|Any CPU.Build.0 = Debug|Any CPU
		{1F520A48-11F8-42BE-946E-3662F133E7C7}.Debug|x64.ActiveCfg = Debug|Any CPU
		{1F520A48-11F8-42BE-946E-3662F133E7C7}.Debug|x64.Build.0 = Debug|Any CPU
		{1F520A48-11F8-42BE-946E-3662F133E7C7}.Debug|x86.ActiveCfg = Debug|Any CPU
		{1F520A48-11F8-42BE-946E-3662F133E7C7}.Debug|x86.Build.0 = Debug|Any CPU
		{1F520A48-11F8-42BE-946E-3662F133E7C7}.Release|Any CPU.ActiveCfg = Release|Any CPU
		{1F520A48-11F8-42BE-946E-3662F133E7C7}.Release|Any CPU.Build.0 = Release|Any CPU
		{1F520A48-11F8-42BE-946E-3662F133E7C7}.Release|x64.ActiveCfg = Release|Any CPU
		{1F520A48-11F8-42BE-946E-3662F133E7C7}.Release|x64.Build.0 = Release|Any CPU
		{1F520A48-11F8-42BE-946E-3662F133E7C7}.Release|x86.ActiveCfg = Release|Any CPU
		{1F520A48-11F8-42BE-946E-3662F133E7C7}.Release|x86.Build.0 = Release|Any CPU
		{898BDEE5-65B2-464E-9F36-7DCBCDA37495}.Debug|Any CPU.ActiveCfg = Debug|Any CPU
		{898BDEE5-65B2-464E-9F36-7DCBCDA37495}.Debug|Any CPU.Build.0 = Debug|Any CPU
		{898BDEE5-65B2-464E-9F36-7DCBCDA37495}.Debug|x64.ActiveCfg = Debug|Any CPU
		{898BDEE5-65B2-464E-9F36-7DCBCDA37495}.Debug|x64.Build.0 = Debug|Any CPU
		{898BDEE5-65B2-464E-9F36-7DCBCDA37495}.Debug|x86.ActiveCfg = Debug|Any CPU
		{898BDEE5-65B2-464E-9F36-7DCBCDA37495}.Debug|x86.Build.0 = Debug|Any CPU
		{898BDEE5-65B2-464E-9F36-7DCBCDA37495}.Release|Any CPU.ActiveCfg = Release|Any CPU
		{898BDEE5-65B2-464E-9F36-7DCBCDA37495}.Release|Any CPU.Build.0 = Release|Any CPU
		{898BDEE5-65B2-464E-9F36-7DCBCDA37495}.Release|x64.ActiveCfg = Release|Any CPU
		{898BDEE5-65B2-464E-9F36-7DCBCDA37495}.Release|x64.Build.0 = Release|Any CPU
		{898BDEE5-65B2-464E-9F36-7DCBCDA37495}.Release|x86.ActiveCfg = Release|Any CPU
		{898BDEE5-65B2-464E-9F36-7DCBCDA37495}.Release|x86.Build.0 = Release|Any CPU
		{DFD30393-E0AB-40F1-B289-8B17F6B40724}.Debug|Any CPU.ActiveCfg = Debug|Any CPU
		{DFD30393-E0AB-40F1-B289-8B17F6B40724}.Debug|Any CPU.Build.0 = Debug|Any CPU
		{DFD30393-E0AB-40F1-B289-8B17F6B40724}.Debug|x64.ActiveCfg = Debug|Any CPU
		{DFD30393-E0AB-40F1-B289-8B17F6B40724}.Debug|x64.Build.0 = Debug|Any CPU
		{DFD30393-E0AB-40F1-B289-8B17F6B40724}.Debug|x86.ActiveCfg = Debug|Any CPU
		{DFD30393-E0AB-40F1-B289-8B17F6B40724}.Debug|x86.Build.0 = Debug|Any CPU
		{DFD30393-E0AB-40F1-B289-8B17F6B40724}.Release|Any CPU.ActiveCfg = Release|Any CPU
		{DFD30393-E0AB-40F1-B289-8B17F6B40724}.Release|Any CPU.Build.0 = Release|Any CPU
		{DFD30393-E0AB-40F1-B289-8B17F6B40724}.Release|x64.ActiveCfg = Release|Any CPU
		{DFD30393-E0AB-40F1-B289-8B17F6B40724}.Release|x64.Build.0 = Release|Any CPU
		{DFD30393-E0AB-40F1-B289-8B17F6B40724}.Release|x86.ActiveCfg = Release|Any CPU
		{DFD30393-E0AB-40F1-B289-8B17F6B40724}.Release|x86.Build.0 = Release|Any CPU
		{2843C641-05FA-46DB-9370-E730EAA242E5}.Debug|Any CPU.ActiveCfg = Debug|Any CPU
		{2843C641-05FA-46DB-9370-E730EAA242E5}.Debug|Any CPU.Build.0 = Debug|Any CPU
		{2843C641-05FA-46DB-9370-E730EAA242E5}.Debug|x64.ActiveCfg = Debug|Any CPU
		{2843C641-05FA-46DB-9370-E730EAA242E5}.Debug|x64.Build.0 = Debug|Any CPU
		{2843C641-05FA-46DB-9370-E730EAA242E5}.Debug|x86.ActiveCfg = Debug|Any CPU
		{2843C641-05FA-46DB-9370-E730EAA242E5}.Debug|x86.Build.0 = Debug|Any CPU
		{2843C641-05FA-46DB-9370-E730EAA242E5}.Release|Any CPU.ActiveCfg = Release|Any CPU
		{2843C641-05FA-46DB-9370-E730EAA242E5}.Release|Any CPU.Build.0 = Release|Any CPU
		{2843C641-05FA-46DB-9370-E730EAA242E5}.Release|x64.ActiveCfg = Release|Any CPU
		{2843C641-05FA-46DB-9370-E730EAA242E5}.Release|x64.Build.0 = Release|Any CPU
		{2843C641-05FA-46DB-9370-E730EAA242E5}.Release|x86.ActiveCfg = Release|Any CPU
		{2843C641-05FA-46DB-9370-E730EAA242E5}.Release|x86.Build.0 = Release|Any CPU
		{9F8A5DC0-357D-42D3-BD9B-B96ACB9F2332}.Debug|Any CPU.ActiveCfg = Debug|Any CPU
		{9F8A5DC0-357D-42D3-BD9B-B96ACB9F2332}.Debug|Any CPU.Build.0 = Debug|Any CPU
		{9F8A5DC0-357D-42D3-BD9B-B96ACB9F2332}.Debug|x64.ActiveCfg = Debug|Any CPU
		{9F8A5DC0-357D-42D3-BD9B-B96ACB9F2332}.Debug|x64.Build.0 = Debug|Any CPU
		{9F8A5DC0-357D-42D3-BD9B-B96ACB9F2332}.Debug|x86.ActiveCfg = Debug|Any CPU
		{9F8A5DC0-357D-42D3-BD9B-B96ACB9F2332}.Debug|x86.Build.0 = Debug|Any CPU
		{9F8A5DC0-357D-42D3-BD9B-B96ACB9F2332}.Release|Any CPU.ActiveCfg = Release|Any CPU
		{9F8A5DC0-357D-42D3-BD9B-B96ACB9F2332}.Release|Any CPU.Build.0 = Release|Any CPU
		{9F8A5DC0-357D-42D3-BD9B-B96ACB9F2332}.Release|x64.ActiveCfg = Release|Any CPU
		{9F8A5DC0-357D-42D3-BD9B-B96ACB9F2332}.Release|x64.Build.0 = Release|Any CPU
		{9F8A5DC0-357D-42D3-BD9B-B96ACB9F2332}.Release|x86.ActiveCfg = Release|Any CPU
		{9F8A5DC0-357D-42D3-BD9B-B96ACB9F2332}.Release|x86.Build.0 = Release|Any CPU
		{F80D254E-642D-43B0-9C7F-EACF4EE9DD0B}.Debug|Any CPU.ActiveCfg = Debug|Any CPU
		{F80D254E-642D-43B0-9C7F-EACF4EE9DD0B}.Debug|Any CPU.Build.0 = Debug|Any CPU
		{F80D254E-642D-43B0-9C7F-EACF4EE9DD0B}.Debug|x64.ActiveCfg = Debug|Any CPU
		{F80D254E-642D-43B0-9C7F-EACF4EE9DD0B}.Debug|x64.Build.0 = Debug|Any CPU
		{F80D254E-642D-43B0-9C7F-EACF4EE9DD0B}.Debug|x86.ActiveCfg = Debug|Any CPU
		{F80D254E-642D-43B0-9C7F-EACF4EE9DD0B}.Debug|x86.Build.0 = Debug|Any CPU
		{F80D254E-642D-43B0-9C7F-EACF4EE9DD0B}.Release|Any CPU.ActiveCfg = Release|Any CPU
		{F80D254E-642D-43B0-9C7F-EACF4EE9DD0B}.Release|Any CPU.Build.0 = Release|Any CPU
		{F80D254E-642D-43B0-9C7F-EACF4EE9DD0B}.Release|x64.ActiveCfg = Release|Any CPU
		{F80D254E-642D-43B0-9C7F-EACF4EE9DD0B}.Release|x64.Build.0 = Release|Any CPU
		{F80D254E-642D-43B0-9C7F-EACF4EE9DD0B}.Release|x86.ActiveCfg = Release|Any CPU
		{F80D254E-642D-43B0-9C7F-EACF4EE9DD0B}.Release|x86.Build.0 = Release|Any CPU
	EndGlobalSection
	GlobalSection(SolutionProperties) = preSolution
		HideSolutionNode = FALSE
	EndGlobalSection
	GlobalSection(NestedProjects) = preSolution
		{0087663D-23F8-4A39-BD16-B2FDE3BB0E04} = {827E0CD3-B72D-47B6-A68D-7590B98EB39B}
		{7E88D7D4-98A8-4F39-8747-49203C4C528E} = {827E0CD3-B72D-47B6-A68D-7590B98EB39B}
		{8E40689D-AC08-414C-BC4E-1A587B60386F} = {0AB3BF05-4346-4AA6-1389-037BE0695223}
		{EA40B2CA-8AED-4853-9BA9-9E0717F752D9} = {0AB3BF05-4346-4AA6-1389-037BE0695223}
		{7F9CE7E9-B1A1-4B48-8F2F-8B0886ED3E3A} = {0AB3BF05-4346-4AA6-1389-037BE0695223}
		{84D870A8-B9F5-441E-B917-E35265BEBE91} = {0AB3BF05-4346-4AA6-1389-037BE0695223}
		{427EC4BF-65C0-4222-9517-DC3120AE9078} = {0AB3BF05-4346-4AA6-1389-037BE0695223}
		{1F520A48-11F8-42BE-946E-3662F133E7C7} = {0AB3BF05-4346-4AA6-1389-037BE0695223}
		{898BDEE5-65B2-464E-9F36-7DCBCDA37495} = {0AB3BF05-4346-4AA6-1389-037BE0695223}
		{DFD30393-E0AB-40F1-B289-8B17F6B40724} = {0AB3BF05-4346-4AA6-1389-037BE0695223}
		{2843C641-05FA-46DB-9370-E730EAA242E5} = {0AB3BF05-4346-4AA6-1389-037BE0695223}
		{9F8A5DC0-357D-42D3-BD9B-B96ACB9F2332} = {0AB3BF05-4346-4AA6-1389-037BE0695223}
		{F80D254E-642D-43B0-9C7F-EACF4EE9DD0B} = {0AB3BF05-4346-4AA6-1389-037BE0695223}
	EndGlobalSection
EndGlobal
